
Microsoft Visual Studio Solution File, Format Version 12.00
# Visual Studio Version 17
VisualStudioVersion = 17.6.33723.286
MinimumVisualStudioVersion = 10.0.40219.1
Project("{FAE04EC0-301F-11D3-BF4B-00C04F79EFBC}") = "Text_Editor_App", "Text_Editor_App.csproj", "{838EC03A-EDAE-4241-8FFC-AFC3059B106D}"
EndProject
Global
	GlobalSection(SolutionConfigurationPlatforms) = preSolution
		Debug|Any CPU = Debug|Any CPU
		Release|Any CPU = Release|Any CPU
	EndGlobalSection
	GlobalSection(ProjectConfigurationPlatforms) = postSolution
		{838EC03A-EDAE-4241-8FFC-AFC3059B106D}.Debug|Any CPU.ActiveCfg = Debug|Any CPU
		{838EC03A-EDAE-4241-8FFC-AFC3059B106D}.Debug|Any CPU.Build.0 = Debug|Any CPU
		{838EC03A-EDAE-4241-8FFC-AFC3059B106D}.Release|Any CPU.ActiveCfg = Release|Any CPU
		{838EC03A-EDAE-4241-8FFC-AFC3059B106D}.Release|Any CPU.Build.0 = Release|Any CPU
	EndGlobalSection
	GlobalSection(SolutionProperties) = preSolution
		HideSolutionNode = FALSE
	EndGlobalSection
	GlobalSection(ExtensibilityGlobals) = postSolution
		SolutionGuid = {7E6246C6-03E0-4D2B-9283-B7ECDC0B086A}
	EndGlobalSection
EndGlobal
